{
  "name": "ubridge",
  "version": "1.1.1",
  "lockfileVersion": 3,
  "requires": true,
  "packages": {
    "": {
      "name": "ubridge",
      "version": "1.1.1",
      "license": "MIT",
      "dependencies": {
        "@napi-ffi/ffi-napi": "^4.0.7"
      }
    },
    "node_modules/@napi-ffi/ffi-napi": {
      "version": "4.0.7",
      "resolved": "https://registry.npmjs.org/@napi-ffi/ffi-napi/-/ffi-napi-4.0.7.tgz",
      "integrity": "sha512-BntYxjhTRS9DS4A8sb0zWBHDtmmvqLpXv3r58tLmDhjog7KYHYwFOh96bc38tlTM/7glNEk8A/hhbmPf7PWEIw==",
      "hasInstallScript": true,
      "license": "MIT",
      "dependencies": {
        "@napi-ffi/get-uv-event-loop-napi-h": "^1.0.6",
        "@napi-ffi/ref-napi": "^3.0.9",
        "@napi-ffi/ref-struct-di": "^1.1.1",
        "debug": "^4.3.7",
        "node-addon-api": "^8.2.1",
        "node-gyp-build": "^4.8.2"
      },
      "engines": {
        "node": ">=20"
      }
    },
    "node_modules/@napi-ffi/get-symbol-from-current-process-h": {
      "version": "1.0.4",
      "resolved": "https://registry.npmjs.org/@napi-ffi/get-symbol-from-current-process-h/-/get-symbol-from-current-process-h-1.0.4.tgz",
      "integrity": "sha512-omxOvN73y1aSxO79IQ3bxkqpEoln9yzsy9btBKJG3Sm8lIUms3I9wM/eySPsWkKOFN2BBpqFxeB8BYJ2Tt8TfQ==",
      "hasInstallScript": true,
      "license": "MIT",
      "engines": {
        "node": ">=18.0.0"
      }
    },
    "node_modules/@napi-ffi/get-uv-event-loop-napi-h": {
      "version": "1.0.6",
      "resolved": "https://registry.npmjs.org/@napi-ffi/get-uv-event-loop-napi-h/-/get-uv-event-loop-napi-h-1.0.6.tgz",
      "integrity": "sha512-++/FRO2Rog0U2CZpnCMr4yLORiV1h+AmJlXN0IKmZoqEcYiOg33AToh32QPHxakAqcXxEzqRdkGBudVwWTSqvw==",
      "hasInstallScript": true,
      "license": "MIT"
    },
    "node_modules/@napi-ffi/ref-napi": {
      "version": "3.0.9",
      "resolved": "https://registry.npmjs.org/@napi-ffi/ref-napi/-/ref-napi-3.0.9.tgz",
      "integrity": "sha512-6h5emFwa2DW6Jzah34CTeUvDQe+H9PCpxR/K27eaMIpr1Ye4ts8/KWWOzQHzRbykBnUCBavUGfhLmN1cELNjIw==",
      "hasInstallScript": true,
      "license": "MIT",
      "dependencies": {
        "@napi-ffi/get-symbol-from-current-process-h": "^1.0.4",
        "debug": "^4.3.7",
        "node-addon-api": "^8.2.1",
        "node-gyp-build": "^4.8.2"
      },
      "engines": {
        "node": ">= 20.0"
      }
    },
    "node_modules/@napi-ffi/ref-struct-di": {
      "version": "1.1.1",
      "resolved": "https://registry.npmjs.org/@napi-ffi/ref-struct-di/-/ref-struct-di-1.1.1.tgz",
      "integrity": "sha512-4+QAerLVGUIVOp5C8tNA2MWy+iMEO8/6pT819He8TKsqElbIjZIiGCexhZa4X5mlVTQ8QT8Nb4yQL2mE62lPtg==",
      "license": "MIT",
      "dependencies": {
        "debug": "^4.3.7"
      }
    },
    "node_modules/debug": {
      "version": "4.4.3",
      "resolved": "https://registry.npmjs.org/debug/-/debug-4.4.3.tgz",
      "integrity": "sha512-RGwwWnwQvkVfavKVt22FGLw+xYSdzARwm0ru6DhTVA3umU5hZc28V3kO4stgYryrTlLpuvgI9GiijltAjNbcqA==",
      "license": "MIT",
      "dependencies": {
        "ms": "^2.1.3"
      },
      "engines": {
        "node": ">=6.0"
      },
      "peerDependenciesMeta": {
        "supports-color": {
          "optional": true
        }
      }
    },
    "node_modules/ms": {
      "version": "2.1.3",
      "resolved": "https://registry.npmjs.org/ms/-/ms-2.1.3.tgz",
      "integrity": "sha512-6FlzubTLZG3J2a/NVCAleEhjzq5oxgHyaCU9yYXvcLsvoVaHJq/s5xXI6/XXP6tz7R9xAOtHnSO/tXtF3WRTlA==",
      "license": "MIT"
    },
    "node_modules/node-addon-api": {
      "version": "8.9.2",
      "resolved": "https://registry.npmjs.org/node-addon-api/-/node-addon-api-8.9.2.tgz",
      "integrity": "sha512-VijLXbi3UACN69I0JVXJsX4tjACjNoQDgv2gTF6sx2wWEi8tkSg2eX8p5gSIFi8z2+DL3oHmY6OyKce38SDolg==",
      "license": "MIT",
      "engines": {
        "node": "^18 || ^20 || >= 21"
      }
    },
    "node_modules/node-gyp-build": {
      "version": "4.8.4",
      "resolved": "https://registry.npmjs.org/node-gyp-build/-/node-gyp-build-4.8.4.tgz",
      "integrity": "sha512-LA4ZjwlnUblHVgq0oBF3Jl/6h/Nvs5fzBLwdEF4nuxnFdsfajde4WfxtJr3CaiH+F6ewcIB/q4jQ4UzPyid+CQ==",
      "license": "MIT",
      "bin": {
        "node-gyp-build": "bin.js",
        "node-gyp-build-optional": "optional.js",
        "node-gyp-build-test": "build-test.js"
      }
    }
  }
}
